<Solution>
  <Folder Name="/Solution Items/">
    <File Path="Directory.Build.props" />
    <File Path="Directory.Packages.props" />
    <File Path="LICENSE" />
    <File Path="nuget.config" />
    <File Path="README.md" />
  </Folder>
  <Folder Name="/src/">
    <Project Path="src/AndreyAkaSkif.ServiceDefaults.OpenApi/AndreyAkaSkif.ServiceDefaults.OpenApi.csproj" />
    <Project Path="src/AndreyAkaSkif.ServiceDefaults.PostgreSQL/AndreyAkaSkif.ServiceDefaults.PostgreSQL.csproj" />
    <Project Path="src/AndreyAkaSkif.ServiceDefaults.Serilog/AndreyAkaSkif.ServiceDefaults.Serilog.csproj" />
    <Project Path="src/AndreyAkaSkif.ServiceDefaults/AndreyAkaSkif.ServiceDefaults.csproj" />
    <Project Path="src/AndreyAkaSkif.ServiceDefaults.Swagger/AndreyAkaSkif.ServiceDefaults.Swagger.csproj" />
  </Folder>
  <Folder Name="/tests/">
    <Project Path="tests/AndreyAkaSkif.ServiceDefaults.Tests/AndreyAkaSkif.ServiceDefaults.Tests.csproj" />
  </Folder>
</Solution>
