<Solution>
  <Folder Name="/Solution Items/">
    <File Path="Directory.Build.props" />
    <File Path="README.md" />
  </Folder>
  <Folder Name="/samples/">
    <Project Path="src/AndreyAkaSkif.ServiceDefaults.Samples.Api/AndreyAkaSkif.ServiceDefaults.Samples.Api.csproj" />
  </Folder>
  <Folder Name="/src/">
    <Project Path="../src/AndreyAkaSkif.ServiceDefaults/AndreyAkaSkif.ServiceDefaults.csproj" />
    <Project Path="../src/AndreyAkaSkif.ServiceDefaults.OpenApi/AndreyAkaSkif.ServiceDefaults.OpenApi.csproj" />
    <Project Path="../src/AndreyAkaSkif.ServiceDefaults.PostgreSQL/AndreyAkaSkif.ServiceDefaults.PostgreSQL.csproj" />
    <Project Path="../src/AndreyAkaSkif.ServiceDefaults.Serilog/AndreyAkaSkif.ServiceDefaults.Serilog.csproj" />
    <Project Path="../src/AndreyAkaSkif.ServiceDefaults.Swagger/AndreyAkaSkif.ServiceDefaults.Swagger.csproj" />
  </Folder>
</Solution>
